
Microsoft Visual Studio Solution File, Format Version 12.00
# Visual Studio 14
VisualStudioVersion = 14.0.25420.1
MinimumVisualStudioVersion = 10.0.40219.1
Project("{FAE04EC0-301F-11D3-BF4B-00C04F79EFBC}") = "Project002", "Project002\Project002.csproj", "{57568DCC-589E-4EE4-A2AF-7AFF06B7E3E3}"
EndProject
Project("{FAE04EC0-301F-11D3-BF4B-00C04F79EFBC}") = "Project002.Tests", "Project002.Tests\Project002.Tests.csproj", "{7E6CACCD-7B8A-4B6A-BA58-8BE28C4A2286}"
EndProject
Global
	GlobalSection(SolutionConfigurationPlatforms) = preSolution
		Debug|Any CPU = Debug|Any CPU
		Release|Any CPU = Release|Any CPU
	EndGlobalSection
	GlobalSection(ProjectConfigurationPlatforms) = postSolution
		{57568DCC-589E-4EE4-A2AF-7AFF06B7E3E3}.Debug|Any CPU.ActiveCfg = Debug|Any CPU
		{57568DCC-589E-4EE4-A2AF-7AFF06B7E3E3}.Debug|Any CPU.Build.0 = Debug|Any CPU
		{57568DCC-589E-4EE4-A2AF-7AFF06B7E3E3}.Release|Any CPU.ActiveCfg = Release|Any CPU
		{57568DCC-589E-4EE4-A2AF-7AFF06B7E3E3}.Release|Any CPU.Build.0 = Release|Any CPU
		{7E6CACCD-7B8A-4B6A-BA58-8BE28C4A2286}.Debug|Any CPU.ActiveCfg = Debug|Any CPU
		{7E6CACCD-7B8A-4B6A-BA58-8BE28C4A2286}.Debug|Any CPU.Build.0 = Debug|Any CPU
		{7E6CACCD-7B8A-4B6A-BA58-8BE28C4A2286}.Release|Any CPU.ActiveCfg = Release|Any CPU
		{7E6CACCD-7B8A-4B6A-BA58-8BE28C4A2286}.Release|Any CPU.Build.0 = Release|Any CPU
	EndGlobalSection
	GlobalSection(SolutionProperties) = preSolution
		HideSolutionNode = FALSE
	EndGlobalSection
EndGlobal
